
Microsoft Visual Studio Solution File, Format Version 12.00
# Visual Studio 14
VisualStudioVersion = 14.0.24720.0
MinimumVisualStudioVersion = 10.0.40219.1
Project("{FAE04EC0-301F-11D3-BF4B-00C04F79EFBC}") = "eManager.Domain", "eManager.Domain\eManager.Domain.csproj", "{11E61364-77A1-4E07-B930-6DD3D8DE3EE6}"
EndProject
Project("{FAE04EC0-301F-11D3-BF4B-00C04F79EFBC}") = "eManager.Web", "eManager.Web\eManager.Web.csproj", "{F82ED194-F53C-41A3-8D0B-7EEA6E913A2D}"
EndProject
Global
	GlobalSection(SolutionConfigurationPlatforms) = preSolution
		Debug|Any CPU = Debug|Any CPU
		Release|Any CPU = Release|Any CPU
	EndGlobalSection
	GlobalSection(ProjectConfigurationPlatforms) = postSolution
		{11E61364-77A1-4E07-B930-6DD3D8DE3EE6}.Debug|Any CPU.ActiveCfg = Debug|Any CPU
		{11E61364-77A1-4E07-B930-6DD3D8DE3EE6}.Debug|Any CPU.Build.0 = Debug|Any CPU
		{11E61364-77A1-4E07-B930-6DD3D8DE3EE6}.Release|Any CPU.ActiveCfg = Release|Any CPU
		{11E61364-77A1-4E07-B930-6DD3D8DE3EE6}.Release|Any CPU.Build.0 = Release|Any CPU
		{F82ED194-F53C-41A3-8D0B-7EEA6E913A2D}.Debug|Any CPU.ActiveCfg = Debug|Any CPU
		{F82ED194-F53C-41A3-8D0B-7EEA6E913A2D}.Debug|Any CPU.Build.0 = Debug|Any CPU
		{F82ED194-F53C-41A3-8D0B-7EEA6E913A2D}.Release|Any CPU.ActiveCfg = Release|Any CPU
		{F82ED194-F53C-41A3-8D0B-7EEA6E913A2D}.Release|Any CPU.Build.0 = Release|Any CPU
	EndGlobalSection
	GlobalSection(SolutionProperties) = preSolution
		HideSolutionNode = FALSE
	EndGlobalSection
EndGlobal
